# This file is automatically @generated by Cargo.
# It is not intended for manual editing.
version = 3

[[package]]
name = "basic_class"
version = "0.1.0"

[[package]]
name = "incrementor"
version = "0.1.0"
dependencies = [
 "basic_class",
]

[[package]]
name = "pointer"
version = "0.1.0"
dependencies = [
 "basic_class",
 "incrementor",
]
